dependencies:
  espressif/ch390:
    component_hash: 5e0a9ee81b930ed04f9ad0242044454858194932acb521bd85cd2b9e92c2395d
    source:
      service_url: https://api.components.espressif.com/
      type: service
    version: 0.2.0
  espressif/enc28j60:
    component_hash: ac9af63b0e9bc7dd9a8b252d0c58db448f2b57b01291aecd353dc1c4b8fe0a62
    source:
      service_url: https://api.components.espressif.com/
      type: service
    version: 1.0.0
  espressif/lan867x:
    component_hash: 9f6f025a9de7a8146b6bc5ebb34242f4fdbf73f3d61f39fde6e7d85281d0ad6d
    source:
      service_url: https://api.components.espressif.com/
      type: service
    version: 1.0.1
  idf:
    component_hash: null
    source:
      type: idf
    version: 5.3.1
manifest_hash: 9e1e436c9b4cf22d325aec9f617b76bdb6371657a8895ff0433ba268c6a26674
target: esp32
version: 1.0.0
